
Microsoft Visual Studio Solution File, Format Version 12.00
# Visual Studio 2012
Project("{FAE04EC0-301F-11D3-BF4B-00C04F79EFBC}") = "FormsAuthAndWebApi", "FormsAuthAndWebApi\FormsAuthAndWebApi.csproj", "{DBE7DAFF-354D-4BF6-B0A4-6317CB03BB4F}"
EndProject
Global
	GlobalSection(SolutionConfigurationPlatforms) = preSolution
		Debug|Any CPU = Debug|Any CPU
		Release|Any CPU = Release|Any CPU
	EndGlobalSection
	GlobalSection(ProjectConfigurationPlatforms) = postSolution
		{DBE7DAFF-354D-4BF6-B0A4-6317CB03BB4F}.Debug|Any CPU.ActiveCfg = Debug|Any CPU
		{DBE7DAFF-354D-4BF6-B0A4-6317CB03BB4F}.Debug|Any CPU.Build.0 = Debug|Any CPU
		{DBE7DAFF-354D-4BF6-B0A4-6317CB03BB4F}.Release|Any CPU.ActiveCfg = Release|Any CPU
		{DBE7DAFF-354D-4BF6-B0A4-6317CB03BB4F}.Release|Any CPU.Build.0 = Release|Any CPU
	EndGlobalSection
	GlobalSection(SolutionProperties) = preSolution
		HideSolutionNode = FALSE
	EndGlobalSection
EndGlobal
