
Microsoft Visual Studio Solution File, Format Version 12.00
# Visual Studio 2012
Project("{FAE04EC0-301F-11D3-BF4B-00C04F79EFBC}") = "CutomXmlFormater", "CutomXmlFormater\CutomXmlFormater.csproj", "{BE247FA1-6547-4D72-8B3B-A50AA1928135}"
EndProject
Global
	GlobalSection(SolutionConfigurationPlatforms) = preSolution
		Debug|Any CPU = Debug|Any CPU
		Release|Any CPU = Release|Any CPU
	EndGlobalSection
	GlobalSection(ProjectConfigurationPlatforms) = postSolution
		{BE247FA1-6547-4D72-8B3B-A50AA1928135}.Debug|Any CPU.ActiveCfg = Debug|Any CPU
		{BE247FA1-6547-4D72-8B3B-A50AA1928135}.Debug|Any CPU.Build.0 = Debug|Any CPU
		{BE247FA1-6547-4D72-8B3B-A50AA1928135}.Release|Any CPU.ActiveCfg = Release|Any CPU
		{BE247FA1-6547-4D72-8B3B-A50AA1928135}.Release|Any CPU.Build.0 = Release|Any CPU
	EndGlobalSection
	GlobalSection(SolutionProperties) = preSolution
		HideSolutionNode = FALSE
	EndGlobalSection
EndGlobal
