
Microsoft Visual Studio Solution File, Format Version 12.00
# Visual Studio 2012
Project("{FAE04EC0-301F-11D3-BF4B-00C04F79EFBC}") = "ApiControllerRouteUrlExample", "ApiControllerRouteUrlExample\ApiControllerRouteUrlExample.csproj", "{7F961EB5-382B-4AAB-BA0D-66EE51306D33}"
EndProject
Global
	GlobalSection(SolutionConfigurationPlatforms) = preSolution
		Debug|Any CPU = Debug|Any CPU
		Release|Any CPU = Release|Any CPU
	EndGlobalSection
	GlobalSection(ProjectConfigurationPlatforms) = postSolution
		{7F961EB5-382B-4AAB-BA0D-66EE51306D33}.Debug|Any CPU.ActiveCfg = Debug|Any CPU
		{7F961EB5-382B-4AAB-BA0D-66EE51306D33}.Debug|Any CPU.Build.0 = Debug|Any CPU
		{7F961EB5-382B-4AAB-BA0D-66EE51306D33}.Release|Any CPU.ActiveCfg = Release|Any CPU
		{7F961EB5-382B-4AAB-BA0D-66EE51306D33}.Release|Any CPU.Build.0 = Release|Any CPU
	EndGlobalSection
	GlobalSection(SolutionProperties) = preSolution
		HideSolutionNode = FALSE
	EndGlobalSection
EndGlobal
