
Microsoft Visual Studio Solution File, Format Version 12.00
# Visual Studio Express 2012 for Web
Project("{FAE04EC0-301F-11D3-BF4B-00C04F79EFBC}") = "SimpleMembershipWithWebApiAndHttpBasicAuth", "MvcApplication3\SimpleMembershipWithWebApiAndHttpBasicAuth.csproj", "{96DC2461-F4D3-4DE9-9E77-6DD3B2D36BD2}"
EndProject
Global
	GlobalSection(SolutionConfigurationPlatforms) = preSolution
		Debug|Any CPU = Debug|Any CPU
		Release|Any CPU = Release|Any CPU
	EndGlobalSection
	GlobalSection(ProjectConfigurationPlatforms) = postSolution
		{96DC2461-F4D3-4DE9-9E77-6DD3B2D36BD2}.Debug|Any CPU.ActiveCfg = Debug|Any CPU
		{96DC2461-F4D3-4DE9-9E77-6DD3B2D36BD2}.Debug|Any CPU.Build.0 = Debug|Any CPU
		{96DC2461-F4D3-4DE9-9E77-6DD3B2D36BD2}.Release|Any CPU.ActiveCfg = Release|Any CPU
		{96DC2461-F4D3-4DE9-9E77-6DD3B2D36BD2}.Release|Any CPU.Build.0 = Release|Any CPU
	EndGlobalSection
	GlobalSection(SolutionProperties) = preSolution
		HideSolutionNode = FALSE
	EndGlobalSection
EndGlobal
